
Microsoft Visual Studio Solution File, Format Version 12.00
# Visual Studio 2012
Project("{FAE04EC0-301F-11D3-BF4B-00C04F79EFBC}") = "kwadrat", "kwadrat\kwadrat.csproj", "{9AB3D64E-58B4-4A56-A3E6-73116D95C914}"
EndProject
Global
	GlobalSection(SolutionConfigurationPlatforms) = preSolution
		Debug|Any CPU = Debug|Any CPU
		Release|Any CPU = Release|Any CPU
	EndGlobalSection
	GlobalSection(ProjectConfigurationPlatforms) = postSolution
		{9AB3D64E-58B4-4A56-A3E6-73116D95C914}.Debug|Any CPU.ActiveCfg = Debug|Any CPU
		{9AB3D64E-58B4-4A56-A3E6-73116D95C914}.Debug|Any CPU.Build.0 = Debug|Any CPU
		{9AB3D64E-58B4-4A56-A3E6-73116D95C914}.Release|Any CPU.ActiveCfg = Release|Any CPU
		{9AB3D64E-58B4-4A56-A3E6-73116D95C914}.Release|Any CPU.Build.0 = Release|Any CPU
	EndGlobalSection
	GlobalSection(SolutionProperties) = preSolution
		HideSolutionNode = FALSE
	EndGlobalSection
EndGlobal
