
Microsoft Visual Studio Solution File, Format Version 12.00
# Visual Studio 2012
Project("{FAE04EC0-301F-11D3-BF4B-00C04F79EFBC}") = "DiscountSystem", "DiscountSystem\DiscountSystem.csproj", "{1EAA3977-5C03-45A2-A08A-3A5E074B6CCF}"
EndProject
Global
	GlobalSection(SolutionConfigurationPlatforms) = preSolution
		Debug|Any CPU = Debug|Any CPU
		Release|Any CPU = Release|Any CPU
	EndGlobalSection
	GlobalSection(ProjectConfigurationPlatforms) = postSolution
		{1EAA3977-5C03-45A2-A08A-3A5E074B6CCF}.Debug|Any CPU.ActiveCfg = Debug|Any CPU
		{1EAA3977-5C03-45A2-A08A-3A5E074B6CCF}.Debug|Any CPU.Build.0 = Debug|Any CPU
		{1EAA3977-5C03-45A2-A08A-3A5E074B6CCF}.Release|Any CPU.ActiveCfg = Release|Any CPU
		{1EAA3977-5C03-45A2-A08A-3A5E074B6CCF}.Release|Any CPU.Build.0 = Release|Any CPU
	EndGlobalSection
	GlobalSection(SolutionProperties) = preSolution
		HideSolutionNode = FALSE
	EndGlobalSection
EndGlobal
