
Microsoft Visual Studio Solution File, Format Version 12.00
# Visual Studio 2012
Project("{FAE04EC0-301F-11D3-BF4B-00C04F79EFBC}") = "Mvc", "Mvc\Mvc.csproj", "{AE4487FF-F22C-4A7B-869B-B7E46D33C2C9}"
EndProject
Global
	GlobalSection(SolutionConfigurationPlatforms) = preSolution
		Debug|Any CPU = Debug|Any CPU
		Release|Any CPU = Release|Any CPU
	EndGlobalSection
	GlobalSection(ProjectConfigurationPlatforms) = postSolution
		{AE4487FF-F22C-4A7B-869B-B7E46D33C2C9}.Debug|Any CPU.ActiveCfg = Debug|Any CPU
		{AE4487FF-F22C-4A7B-869B-B7E46D33C2C9}.Debug|Any CPU.Build.0 = Debug|Any CPU
		{AE4487FF-F22C-4A7B-869B-B7E46D33C2C9}.Release|Any CPU.ActiveCfg = Release|Any CPU
		{AE4487FF-F22C-4A7B-869B-B7E46D33C2C9}.Release|Any CPU.Build.0 = Release|Any CPU
	EndGlobalSection
	GlobalSection(SolutionProperties) = preSolution
		HideSolutionNode = FALSE
	EndGlobalSection
EndGlobal
