
Microsoft Visual Studio Solution File, Format Version 12.00
# Visual Studio 2013
VisualStudioVersion = 12.0.21005.1
MinimumVisualStudioVersion = 10.0.40219.1
Project("{FAE04EC0-301F-11D3-BF4B-00C04F79EFBC}") = "PioCw9", "PioCw9\PioCw9.csproj", "{CCA06390-FC6B-4302-A2D5-4013213132D5}"
EndProject
Global
	GlobalSection(SolutionConfigurationPlatforms) = preSolution
		Debug|Any CPU = Debug|Any CPU
		Release|Any CPU = Release|Any CPU
	EndGlobalSection
	GlobalSection(ProjectConfigurationPlatforms) = postSolution
		{CCA06390-FC6B-4302-A2D5-4013213132D5}.Debug|Any CPU.ActiveCfg = Debug|Any CPU
		{CCA06390-FC6B-4302-A2D5-4013213132D5}.Debug|Any CPU.Build.0 = Debug|Any CPU
		{CCA06390-FC6B-4302-A2D5-4013213132D5}.Release|Any CPU.ActiveCfg = Release|Any CPU
		{CCA06390-FC6B-4302-A2D5-4013213132D5}.Release|Any CPU.Build.0 = Release|Any CPU
	EndGlobalSection
	GlobalSection(SolutionProperties) = preSolution
		HideSolutionNode = FALSE
	EndGlobalSection
EndGlobal
